<?xml version="1.0" encoding="utf-8"?>
<Project ToolsVersion="4.0" xmlns="http://schemas.microsoft.com/developer/msbuild/2003">
  <ItemGroup>
    <Filter Include="リソース ファイル">
      <UniqueIdentifier>{67DA6AB6-F800-4c08-8B7A-83BB121AAD01}</UniqueIdentifier>
      <Extensions>rc;ico;cur;bmp;dlg;rc2;rct;bin;rgs;gif;jpg;jpeg;jpe;resx;tiff;tif;png;wav;mfcribbon-ms</Extensions>
    </Filter>
    <Filter Include="Dependencies">
      <UniqueIdentifier>{de7b9ade-eae9-4108-af8b-af0476e9c796}</UniqueIdentifier>
    </Filter>
  </ItemGroup>
  <ItemGroup>
    <Text Include="ReadMe.txt" />
  </ItemGroup>
  <ItemGroup>
    <ClInclude Include="..\..\..\include\Garnet\Coloring.h">
      <Filter>Dependencies</Filter>
    </ClInclude>
    <ClInclude Include="..\..\..\include\Garnet\RemoveIntrons.h">
      <Filter>Dependencies</Filter>
    </ClInclude>
    <ClInclude Include="..\..\..\include\Garnet\RemovePassThroughChain.h">
      <Filter>Dependencies</Filter>
    </ClInclude>
    <ClInclude Include="..\..\..\include\Garnet\SarkarSerranoSimonsNumber.h">
      <Filter>Dependencies</Filter>
    </ClInclude>
    <ClInclude Include="..\..\..\include\Garnet\SExpression.h">
      <Filter>Dependencies</Filter>
    </ClInclude>
    <ClInclude Include="..\..\..\include\Common\Text.h">
      <Filter>Dependencies</Filter>
    </ClInclude>
    <ClInclude Include="..\..\..\include\Garnet\TopologicalSort.h">
      <Filter>Dependencies</Filter>
    </ClInclude>
    <ClInclude Include="..\..\..\include\Garnet\TreeKernelCollins.h">
      <Filter>Dependencies</Filter>
    </ClInclude>
    <ClInclude Include="..\..\..\include\Garnet\TreeKernelKashima.h">
      <Filter>Dependencies</Filter>
    </ClInclude>
    <ClInclude Include="..\..\..\include\Garnet\TreeUtilities.h">
      <Filter>Dependencies</Filter>
    </ClInclude>
    <ClInclude Include="..\..\..\include\Garnet\UniteTrees.h">
      <Filter>Dependencies</Filter>
    </ClInclude>
  </ItemGroup>
</Project>