
Microsoft Visual Studio Solution File, Format Version 12.00
# Visual Studio Express 2013 for Windows Desktop
VisualStudioVersion = 12.0.21005.1
MinimumVisualStudioVersion = 10.0.40219.1
Project("{FAE04EC0-301F-11D3-BF4B-00C04F79EFBC}") = "GarnetDashboard", "..\GarnetDashboard\GarnetDashboard.csproj", "{BDD407EF-0D4F-4075-A154-FF1947DCBC65}"
EndProject
Project("{8BC9CEB8-8B4A-11D0-8D11-00A0C91BC942}") = "GarnetEngine", "GarnetEngine\GarnetEngine.vcxproj", "{12820E7B-597F-415A-8688-E2DCF651768F}"
	ProjectSection(ProjectDependencies) = postProject
		{3A021902-748D-448A-8C10-CB30BB462739} = {3A021902-748D-448A-8C10-CB30BB462739}
	EndProjectSection
EndProject
Project("{8BC9CEB8-8B4A-11D0-8D11-00A0C91BC942}") = "GarnetStrategy", "GarnetStrategy\GarnetStrategy.vcxproj", "{3A021902-748D-448A-8C10-CB30BB462739}"
	ProjectSection(ProjectDependencies) = postProject
		{4CBD613D-2F89-4823-939D-E6AF205E3841} = {4CBD613D-2F89-4823-939D-E6AF205E3841}
		{E2A1D564-4E2B-4F50-99F1-2C5B39C0474C} = {E2A1D564-4E2B-4F50-99F1-2C5B39C0474C}
		{C1F0DEB8-0F84-4B63-9F7B-ADC3F1538B1E} = {C1F0DEB8-0F84-4B63-9F7B-ADC3F1538B1E}
	EndProjectSection
EndProject
Project("{8BC9CEB8-8B4A-11D0-8D11-00A0C91BC942}") = "IVTreeStrategy", "IVTreeStrategy\IVTreeStrategy.vcxproj", "{C1F0DEB8-0F84-4B63-9F7B-ADC3F1538B1E}"
	ProjectSection(ProjectDependencies) = postProject
		{ABCA3323-9AD5-44BB-A808-8D0AFFDBBFB9} = {ABCA3323-9AD5-44BB-A808-8D0AFFDBBFB9}
		{A6941DAE-D7A7-44ED-B072-333A9D2703B2} = {A6941DAE-D7A7-44ED-B072-333A9D2703B2}
	EndProjectSection
EndProject
Project("{8BC9CEB8-8B4A-11D0-8D11-00A0C91BC942}") = "NSGA2Strategy", "NSGA2Strategy\NSGA2Strategy.vcxproj", "{4CBD613D-2F89-4823-939D-E6AF205E3841}"
	ProjectSection(ProjectDependencies) = postProject
		{ABCA3323-9AD5-44BB-A808-8D0AFFDBBFB9} = {ABCA3323-9AD5-44BB-A808-8D0AFFDBBFB9}
	EndProjectSection
EndProject
Project("{8BC9CEB8-8B4A-11D0-8D11-00A0C91BC942}") = "GarnetUtility", "GarnetUtility\GarnetUtility.vcxproj", "{ABCA3323-9AD5-44BB-A808-8D0AFFDBBFB9}"
EndProject
Project("{8BC9CEB8-8B4A-11D0-8D11-00A0C91BC942}") = "CommonStrategy", "CommonStrategy\CommonStrategy.vcxproj", "{E2A1D564-4E2B-4F50-99F1-2C5B39C0474C}"
	ProjectSection(ProjectDependencies) = postProject
		{ABCA3323-9AD5-44BB-A808-8D0AFFDBBFB9} = {ABCA3323-9AD5-44BB-A808-8D0AFFDBBFB9}
	EndProjectSection
EndProject
Project("{8BC9CEB8-8B4A-11D0-8D11-00A0C91BC942}") = "ACTITStrategy", "ACTITStrategy\ACTITStrategy.vcxproj", "{54FC4A95-2212-46DA-AD80-A61DE10DACF4}"
EndProject
Project("{8BC9CEB8-8B4A-11D0-8D11-00A0C91BC942}") = "Garnet", "Garnet\Garnet.vcxproj", "{26620DFE-1522-4BF9-900C-1D38B398C884}"
	ProjectSection(ProjectDependencies) = postProject
		{3A021902-748D-448A-8C10-CB30BB462739} = {3A021902-748D-448A-8C10-CB30BB462739}
		{ABCA3323-9AD5-44BB-A808-8D0AFFDBBFB9} = {ABCA3323-9AD5-44BB-A808-8D0AFFDBBFB9}
		{4CBD613D-2F89-4823-939D-E6AF205E3841} = {4CBD613D-2F89-4823-939D-E6AF205E3841}
		{E2A1D564-4E2B-4F50-99F1-2C5B39C0474C} = {E2A1D564-4E2B-4F50-99F1-2C5B39C0474C}
		{12820E7B-597F-415A-8688-E2DCF651768F} = {12820E7B-597F-415A-8688-E2DCF651768F}
		{54FC4A95-2212-46DA-AD80-A61DE10DACF4} = {54FC4A95-2212-46DA-AD80-A61DE10DACF4}
		{A6941DAE-D7A7-44ED-B072-333A9D2703B2} = {A6941DAE-D7A7-44ED-B072-333A9D2703B2}
		{C1F0DEB8-0F84-4B63-9F7B-ADC3F1538B1E} = {C1F0DEB8-0F84-4B63-9F7B-ADC3F1538B1E}
	EndProjectSection
EndProject
Project("{8BC9CEB8-8B4A-11D0-8D11-00A0C91BC942}") = "PicturePerfect", "PicturePerfect\PicturePerfect.vcxproj", "{584ACCE1-E81D-455A-A4A7-D4146E81C18A}"
	ProjectSection(ProjectDependencies) = postProject
		{A6941DAE-D7A7-44ED-B072-333A9D2703B2} = {A6941DAE-D7A7-44ED-B072-333A9D2703B2}
	EndProjectSection
EndProject
Project("{8BC9CEB8-8B4A-11D0-8D11-00A0C91BC942}") = "PicturePerfectEngine", "PicturePerfectEngine\PicturePerfectEngine.vcxproj", "{A6941DAE-D7A7-44ED-B072-333A9D2703B2}"
EndProject
Global
	GlobalSection(SolutionConfigurationPlatforms) = preSolution
		Debug OpenCL|Any CPU = Debug OpenCL|Any CPU
		Debug OpenCL|Mixed Platforms = Debug OpenCL|Mixed Platforms
		Debug OpenCL|Win32 = Debug OpenCL|Win32
		Debug OpenCL|x64 = Debug OpenCL|x64
		Debug|Any CPU = Debug|Any CPU
		Debug|Mixed Platforms = Debug|Mixed Platforms
		Debug|Win32 = Debug|Win32
		Debug|x64 = Debug|x64
		Release OpenCL|Any CPU = Release OpenCL|Any CPU
		Release OpenCL|Mixed Platforms = Release OpenCL|Mixed Platforms
		Release OpenCL|Win32 = Release OpenCL|Win32
		Release OpenCL|x64 = Release OpenCL|x64
		Release|Any CPU = Release|Any CPU
		Release|Mixed Platforms = Release|Mixed Platforms
		Release|Win32 = Release|Win32
		Release|x64 = Release|x64
	EndGlobalSection
	GlobalSection(ProjectConfigurationPlatforms) = postSolution
		{BDD407EF-0D4F-4075-A154-FF1947DCBC65}.Debug OpenCL|Any CPU.ActiveCfg = Debug|Any CPU
		{BDD407EF-0D4F-4075-A154-FF1947DCBC65}.Debug OpenCL|Any CPU.Build.0 = Debug|Any CPU
		{BDD407EF-0D4F-4075-A154-FF1947DCBC65}.Debug OpenCL|Mixed Platforms.ActiveCfg = Debug|Any CPU
		{BDD407EF-0D4F-4075-A154-FF1947DCBC65}.Debug OpenCL|Mixed Platforms.Build.0 = Debug|Any CPU
		{BDD407EF-0D4F-4075-A154-FF1947DCBC65}.Debug OpenCL|Win32.ActiveCfg = Debug|Any CPU
		{BDD407EF-0D4F-4075-A154-FF1947DCBC65}.Debug OpenCL|x64.ActiveCfg = Debug|Any CPU
		{BDD407EF-0D4F-4075-A154-FF1947DCBC65}.Debug|Any CPU.ActiveCfg = Debug|Any CPU
		{BDD407EF-0D4F-4075-A154-FF1947DCBC65}.Debug|Any CPU.Build.0 = Debug|Any CPU
		{BDD407EF-0D4F-4075-A154-FF1947DCBC65}.Debug|Mixed Platforms.ActiveCfg = Debug|Any CPU
		{BDD407EF-0D4F-4075-A154-FF1947DCBC65}.Debug|Mixed Platforms.Build.0 = Debug|Any CPU
		{BDD407EF-0D4F-4075-A154-FF1947DCBC65}.Debug|Win32.ActiveCfg = Debug|Any CPU
		{BDD407EF-0D4F-4075-A154-FF1947DCBC65}.Debug|Win32.Build.0 = Debug|Any CPU
		{BDD407EF-0D4F-4075-A154-FF1947DCBC65}.Debug|x64.ActiveCfg = Debug|Any CPU
		{BDD407EF-0D4F-4075-A154-FF1947DCBC65}.Debug|x64.Build.0 = Debug|Any CPU
		{BDD407EF-0D4F-4075-A154-FF1947DCBC65}.Release OpenCL|Any CPU.ActiveCfg = Release|Any CPU
		{BDD407EF-0D4F-4075-A154-FF1947DCBC65}.Release OpenCL|Any CPU.Build.0 = Release|Any CPU
		{BDD407EF-0D4F-4075-A154-FF1947DCBC65}.Release OpenCL|Mixed Platforms.ActiveCfg = Release|Any CPU
		{BDD407EF-0D4F-4075-A154-FF1947DCBC65}.Release OpenCL|Mixed Platforms.Build.0 = Release|Any CPU
		{BDD407EF-0D4F-4075-A154-FF1947DCBC65}.Release OpenCL|Win32.ActiveCfg = Release|Any CPU
		{BDD407EF-0D4F-4075-A154-FF1947DCBC65}.Release OpenCL|x64.ActiveCfg = Release|Any CPU
		{BDD407EF-0D4F-4075-A154-FF1947DCBC65}.Release|Any CPU.ActiveCfg = Release|Any CPU
		{BDD407EF-0D4F-4075-A154-FF1947DCBC65}.Release|Any CPU.Build.0 = Release|Any CPU
		{BDD407EF-0D4F-4075-A154-FF1947DCBC65}.Release|Mixed Platforms.ActiveCfg = Release|Any CPU
		{BDD407EF-0D4F-4075-A154-FF1947DCBC65}.Release|Mixed Platforms.Build.0 = Release|Any CPU
		{BDD407EF-0D4F-4075-A154-FF1947DCBC65}.Release|Win32.ActiveCfg = Release|Any CPU
		{BDD407EF-0D4F-4075-A154-FF1947DCBC65}.Release|Win32.Build.0 = Release|Any CPU
		{BDD407EF-0D4F-4075-A154-FF1947DCBC65}.Release|x64.ActiveCfg = Release|Any CPU
		{BDD407EF-0D4F-4075-A154-FF1947DCBC65}.Release|x64.Build.0 = Release|Any CPU
		{12820E7B-597F-415A-8688-E2DCF651768F}.Debug OpenCL|Any CPU.ActiveCfg = Debug|Win32
		{12820E7B-597F-415A-8688-E2DCF651768F}.Debug OpenCL|Mixed Platforms.ActiveCfg = Debug|Win32
		{12820E7B-597F-415A-8688-E2DCF651768F}.Debug OpenCL|Mixed Platforms.Build.0 = Debug|Win32
		{12820E7B-597F-415A-8688-E2DCF651768F}.Debug OpenCL|Win32.ActiveCfg = Debug|Win32
		{12820E7B-597F-415A-8688-E2DCF651768F}.Debug OpenCL|Win32.Build.0 = Debug|Win32
		{12820E7B-597F-415A-8688-E2DCF651768F}.Debug OpenCL|x64.ActiveCfg = Debug|Win32
		{12820E7B-597F-415A-8688-E2DCF651768F}.Debug|Any CPU.ActiveCfg = Debug|Win32
		{12820E7B-597F-415A-8688-E2DCF651768F}.Debug|Mixed Platforms.ActiveCfg = Debug|Win32
		{12820E7B-597F-415A-8688-E2DCF651768F}.Debug|Mixed Platforms.Build.0 = Debug|Win32
		{12820E7B-597F-415A-8688-E2DCF651768F}.Debug|Win32.ActiveCfg = Debug|Win32
		{12820E7B-597F-415A-8688-E2DCF651768F}.Debug|Win32.Build.0 = Debug|Win32
		{12820E7B-597F-415A-8688-E2DCF651768F}.Debug|x64.ActiveCfg = Debug|x64
		{12820E7B-597F-415A-8688-E2DCF651768F}.Debug|x64.Build.0 = Debug|x64
		{12820E7B-597F-415A-8688-E2DCF651768F}.Release OpenCL|Any CPU.ActiveCfg = Release|Win32
		{12820E7B-597F-415A-8688-E2DCF651768F}.Release OpenCL|Mixed Platforms.ActiveCfg = Release|Win32
		{12820E7B-597F-415A-8688-E2DCF651768F}.Release OpenCL|Mixed Platforms.Build.0 = Release|Win32
		{12820E7B-597F-415A-8688-E2DCF651768F}.Release OpenCL|Win32.ActiveCfg = Release|Win32
		{12820E7B-597F-415A-8688-E2DCF651768F}.Release OpenCL|Win32.Build.0 = Release|Win32
		{12820E7B-597F-415A-8688-E2DCF651768F}.Release OpenCL|x64.ActiveCfg = Release|Win32
		{12820E7B-597F-415A-8688-E2DCF651768F}.Release|Any CPU.ActiveCfg = Release|Win32
		{12820E7B-597F-415A-8688-E2DCF651768F}.Release|Mixed Platforms.ActiveCfg = Release|Win32
		{12820E7B-597F-415A-8688-E2DCF651768F}.Release|Mixed Platforms.Build.0 = Release|Win32
		{12820E7B-597F-415A-8688-E2DCF651768F}.Release|Win32.ActiveCfg = Release|Win32
		{12820E7B-597F-415A-8688-E2DCF651768F}.Release|Win32.Build.0 = Release|Win32
		{12820E7B-597F-415A-8688-E2DCF651768F}.Release|x64.ActiveCfg = Release|x64
		{12820E7B-597F-415A-8688-E2DCF651768F}.Release|x64.Build.0 = Release|x64
		{3A021902-748D-448A-8C10-CB30BB462739}.Debug OpenCL|Any CPU.ActiveCfg = Debug|Win32
		{3A021902-748D-448A-8C10-CB30BB462739}.Debug OpenCL|Mixed Platforms.ActiveCfg = Debug|Win32
		{3A021902-748D-448A-8C10-CB30BB462739}.Debug OpenCL|Mixed Platforms.Build.0 = Debug|Win32
		{3A021902-748D-448A-8C10-CB30BB462739}.Debug OpenCL|Win32.ActiveCfg = Debug|Win32
		{3A021902-748D-448A-8C10-CB30BB462739}.Debug OpenCL|Win32.Build.0 = Debug|Win32
		{3A021902-748D-448A-8C10-CB30BB462739}.Debug OpenCL|x64.ActiveCfg = Debug|Win32
		{3A021902-748D-448A-8C10-CB30BB462739}.Debug|Any CPU.ActiveCfg = Debug|Win32
		{3A021902-748D-448A-8C10-CB30BB462739}.Debug|Mixed Platforms.ActiveCfg = Debug|Win32
		{3A021902-748D-448A-8C10-CB30BB462739}.Debug|Mixed Platforms.Build.0 = Debug|Win32
		{3A021902-748D-448A-8C10-CB30BB462739}.Debug|Win32.ActiveCfg = Debug|Win32
		{3A021902-748D-448A-8C10-CB30BB462739}.Debug|Win32.Build.0 = Debug|Win32
		{3A021902-748D-448A-8C10-CB30BB462739}.Debug|x64.ActiveCfg = Debug|x64
		{3A021902-748D-448A-8C10-CB30BB462739}.Debug|x64.Build.0 = Debug|x64
		{3A021902-748D-448A-8C10-CB30BB462739}.Release OpenCL|Any CPU.ActiveCfg = Release|Win32
		{3A021902-748D-448A-8C10-CB30BB462739}.Release OpenCL|Mixed Platforms.ActiveCfg = Release|Win32
		{3A021902-748D-448A-8C10-CB30BB462739}.Release OpenCL|Mixed Platforms.Build.0 = Release|Win32
		{3A021902-748D-448A-8C10-CB30BB462739}.Release OpenCL|Win32.ActiveCfg = Release|Win32
		{3A021902-748D-448A-8C10-CB30BB462739}.Release OpenCL|Win32.Build.0 = Release|Win32
		{3A021902-748D-448A-8C10-CB30BB462739}.Release OpenCL|x64.ActiveCfg = Release|Win32
		{3A021902-748D-448A-8C10-CB30BB462739}.Release|Any CPU.ActiveCfg = Release|Win32
		{3A021902-748D-448A-8C10-CB30BB462739}.Release|Mixed Platforms.ActiveCfg = Release|Win32
		{3A021902-748D-448A-8C10-CB30BB462739}.Release|Mixed Platforms.Build.0 = Release|Win32
		{3A021902-748D-448A-8C10-CB30BB462739}.Release|Win32.ActiveCfg = Release|Win32
		{3A021902-748D-448A-8C10-CB30BB462739}.Release|Win32.Build.0 = Release|Win32
		{3A021902-748D-448A-8C10-CB30BB462739}.Release|x64.ActiveCfg = Release|x64
		{3A021902-748D-448A-8C10-CB30BB462739}.Release|x64.Build.0 = Release|x64
		{C1F0DEB8-0F84-4B63-9F7B-ADC3F1538B1E}.Debug OpenCL|Any CPU.ActiveCfg = Debug|Win32
		{C1F0DEB8-0F84-4B63-9F7B-ADC3F1538B1E}.Debug OpenCL|Mixed Platforms.ActiveCfg = Debug|Win32
		{C1F0DEB8-0F84-4B63-9F7B-ADC3F1538B1E}.Debug OpenCL|Mixed Platforms.Build.0 = Debug|Win32
		{C1F0DEB8-0F84-4B63-9F7B-ADC3F1538B1E}.Debug OpenCL|Win32.ActiveCfg = Debug|Win32
		{C1F0DEB8-0F84-4B63-9F7B-ADC3F1538B1E}.Debug OpenCL|Win32.Build.0 = Debug|Win32
		{C1F0DEB8-0F84-4B63-9F7B-ADC3F1538B1E}.Debug OpenCL|x64.ActiveCfg = Debug|Win32
		{C1F0DEB8-0F84-4B63-9F7B-ADC3F1538B1E}.Debug|Any CPU.ActiveCfg = Debug|Win32
		{C1F0DEB8-0F84-4B63-9F7B-ADC3F1538B1E}.Debug|Mixed Platforms.ActiveCfg = Debug|Win32
		{C1F0DEB8-0F84-4B63-9F7B-ADC3F1538B1E}.Debug|Mixed Platforms.Build.0 = Debug|Win32
		{C1F0DEB8-0F84-4B63-9F7B-ADC3F1538B1E}.Debug|Win32.ActiveCfg = Debug|Win32
		{C1F0DEB8-0F84-4B63-9F7B-ADC3F1538B1E}.Debug|Win32.Build.0 = Debug|Win32
		{C1F0DEB8-0F84-4B63-9F7B-ADC3F1538B1E}.Debug|x64.ActiveCfg = Debug|x64
		{C1F0DEB8-0F84-4B63-9F7B-ADC3F1538B1E}.Debug|x64.Build.0 = Debug|x64
		{C1F0DEB8-0F84-4B63-9F7B-ADC3F1538B1E}.Release OpenCL|Any CPU.ActiveCfg = Release|Win32
		{C1F0DEB8-0F84-4B63-9F7B-ADC3F1538B1E}.Release OpenCL|Mixed Platforms.ActiveCfg = Release|Win32
		{C1F0DEB8-0F84-4B63-9F7B-ADC3F1538B1E}.Release OpenCL|Mixed Platforms.Build.0 = Release|Win32
		{C1F0DEB8-0F84-4B63-9F7B-ADC3F1538B1E}.Release OpenCL|Win32.ActiveCfg = Release|Win32
		{C1F0DEB8-0F84-4B63-9F7B-ADC3F1538B1E}.Release OpenCL|Win32.Build.0 = Release|Win32
		{C1F0DEB8-0F84-4B63-9F7B-ADC3F1538B1E}.Release OpenCL|x64.ActiveCfg = Release|Win32
		{C1F0DEB8-0F84-4B63-9F7B-ADC3F1538B1E}.Release|Any CPU.ActiveCfg = Release|Win32
		{C1F0DEB8-0F84-4B63-9F7B-ADC3F1538B1E}.Release|Mixed Platforms.ActiveCfg = Release|Win32
		{C1F0DEB8-0F84-4B63-9F7B-ADC3F1538B1E}.Release|Mixed Platforms.Build.0 = Release|Win32
		{C1F0DEB8-0F84-4B63-9F7B-ADC3F1538B1E}.Release|Win32.ActiveCfg = Release|Win32
		{C1F0DEB8-0F84-4B63-9F7B-ADC3F1538B1E}.Release|Win32.Build.0 = Release|Win32
		{C1F0DEB8-0F84-4B63-9F7B-ADC3F1538B1E}.Release|x64.ActiveCfg = Release|x64
		{C1F0DEB8-0F84-4B63-9F7B-ADC3F1538B1E}.Release|x64.Build.0 = Release|x64
		{4CBD613D-2F89-4823-939D-E6AF205E3841}.Debug OpenCL|Any CPU.ActiveCfg = Debug|Win32
		{4CBD613D-2F89-4823-939D-E6AF205E3841}.Debug OpenCL|Mixed Platforms.ActiveCfg = Debug|Win32
		{4CBD613D-2F89-4823-939D-E6AF205E3841}.Debug OpenCL|Mixed Platforms.Build.0 = Debug|Win32
		{4CBD613D-2F89-4823-939D-E6AF205E3841}.Debug OpenCL|Win32.ActiveCfg = Debug|Win32
		{4CBD613D-2F89-4823-939D-E6AF205E3841}.Debug OpenCL|Win32.Build.0 = Debug|Win32
		{4CBD613D-2F89-4823-939D-E6AF205E3841}.Debug OpenCL|x64.ActiveCfg = Debug|Win32
		{4CBD613D-2F89-4823-939D-E6AF205E3841}.Debug|Any CPU.ActiveCfg = Debug|Win32
		{4CBD613D-2F89-4823-939D-E6AF205E3841}.Debug|Mixed Platforms.ActiveCfg = Debug|Win32
		{4CBD613D-2F89-4823-939D-E6AF205E3841}.Debug|Mixed Platforms.Build.0 = Debug|Win32
		{4CBD613D-2F89-4823-939D-E6AF205E3841}.Debug|Win32.ActiveCfg = Debug|Win32
		{4CBD613D-2F89-4823-939D-E6AF205E3841}.Debug|Win32.Build.0 = Debug|Win32
		{4CBD613D-2F89-4823-939D-E6AF205E3841}.Debug|x64.ActiveCfg = Debug|x64
		{4CBD613D-2F89-4823-939D-E6AF205E3841}.Debug|x64.Build.0 = Debug|x64
		{4CBD613D-2F89-4823-939D-E6AF205E3841}.Release OpenCL|Any CPU.ActiveCfg = Release|Win32
		{4CBD613D-2F89-4823-939D-E6AF205E3841}.Release OpenCL|Mixed Platforms.ActiveCfg = Release|Win32
		{4CBD613D-2F89-4823-939D-E6AF205E3841}.Release OpenCL|Mixed Platforms.Build.0 = Release|Win32
		{4CBD613D-2F89-4823-939D-E6AF205E3841}.Release OpenCL|Win32.ActiveCfg = Release|Win32
		{4CBD613D-2F89-4823-939D-E6AF205E3841}.Release OpenCL|Win32.Build.0 = Release|Win32
		{4CBD613D-2F89-4823-939D-E6AF205E3841}.Release OpenCL|x64.ActiveCfg = Release|Win32
		{4CBD613D-2F89-4823-939D-E6AF205E3841}.Release|Any CPU.ActiveCfg = Release|Win32
		{4CBD613D-2F89-4823-939D-E6AF205E3841}.Release|Mixed Platforms.ActiveCfg = Release|Win32
		{4CBD613D-2F89-4823-939D-E6AF205E3841}.Release|Mixed Platforms.Build.0 = Release|Win32
		{4CBD613D-2F89-4823-939D-E6AF205E3841}.Release|Win32.ActiveCfg = Release|Win32
		{4CBD613D-2F89-4823-939D-E6AF205E3841}.Release|Win32.Build.0 = Release|Win32
		{4CBD613D-2F89-4823-939D-E6AF205E3841}.Release|x64.ActiveCfg = Release|x64
		{4CBD613D-2F89-4823-939D-E6AF205E3841}.Release|x64.Build.0 = Release|x64
		{ABCA3323-9AD5-44BB-A808-8D0AFFDBBFB9}.Debug OpenCL|Any CPU.ActiveCfg = Debug|Win32
		{ABCA3323-9AD5-44BB-A808-8D0AFFDBBFB9}.Debug OpenCL|Mixed Platforms.ActiveCfg = Debug|Win32
		{ABCA3323-9AD5-44BB-A808-8D0AFFDBBFB9}.Debug OpenCL|Mixed Platforms.Build.0 = Debug|Win32
		{ABCA3323-9AD5-44BB-A808-8D0AFFDBBFB9}.Debug OpenCL|Win32.ActiveCfg = Debug|Win32
		{ABCA3323-9AD5-44BB-A808-8D0AFFDBBFB9}.Debug OpenCL|Win32.Build.0 = Debug|Win32
		{ABCA3323-9AD5-44BB-A808-8D0AFFDBBFB9}.Debug OpenCL|x64.ActiveCfg = Debug|Win32
		{ABCA3323-9AD5-44BB-A808-8D0AFFDBBFB9}.Debug|Any CPU.ActiveCfg = Debug|Win32
		{ABCA3323-9AD5-44BB-A808-8D0AFFDBBFB9}.Debug|Mixed Platforms.ActiveCfg = Debug|Win32
		{ABCA3323-9AD5-44BB-A808-8D0AFFDBBFB9}.Debug|Mixed Platforms.Build.0 = Debug|Win32
		{ABCA3323-9AD5-44BB-A808-8D0AFFDBBFB9}.Debug|Win32.ActiveCfg = Debug|Win32
		{ABCA3323-9AD5-44BB-A808-8D0AFFDBBFB9}.Debug|Win32.Build.0 = Debug|Win32
		{ABCA3323-9AD5-44BB-A808-8D0AFFDBBFB9}.Debug|x64.ActiveCfg = Debug|x64
		{ABCA3323-9AD5-44BB-A808-8D0AFFDBBFB9}.Debug|x64.Build.0 = Debug|x64
		{ABCA3323-9AD5-44BB-A808-8D0AFFDBBFB9}.Release OpenCL|Any CPU.ActiveCfg = Release|Win32
		{ABCA3323-9AD5-44BB-A808-8D0AFFDBBFB9}.Release OpenCL|Mixed Platforms.ActiveCfg = Release|Win32
		{ABCA3323-9AD5-44BB-A808-8D0AFFDBBFB9}.Release OpenCL|Mixed Platforms.Build.0 = Release|Win32
		{ABCA3323-9AD5-44BB-A808-8D0AFFDBBFB9}.Release OpenCL|Win32.ActiveCfg = Release|Win32
		{ABCA3323-9AD5-44BB-A808-8D0AFFDBBFB9}.Release OpenCL|Win32.Build.0 = Release|Win32
		{ABCA3323-9AD5-44BB-A808-8D0AFFDBBFB9}.Release OpenCL|x64.ActiveCfg = Release|Win32
		{ABCA3323-9AD5-44BB-A808-8D0AFFDBBFB9}.Release|Any CPU.ActiveCfg = Release|Win32
		{ABCA3323-9AD5-44BB-A808-8D0AFFDBBFB9}.Release|Mixed Platforms.ActiveCfg = Release|Win32
		{ABCA3323-9AD5-44BB-A808-8D0AFFDBBFB9}.Release|Mixed Platforms.Build.0 = Release|Win32
		{ABCA3323-9AD5-44BB-A808-8D0AFFDBBFB9}.Release|Win32.ActiveCfg = Release|Win32
		{ABCA3323-9AD5-44BB-A808-8D0AFFDBBFB9}.Release|Win32.Build.0 = Release|Win32
		{ABCA3323-9AD5-44BB-A808-8D0AFFDBBFB9}.Release|x64.ActiveCfg = Release|x64
		{ABCA3323-9AD5-44BB-A808-8D0AFFDBBFB9}.Release|x64.Build.0 = Release|x64
		{E2A1D564-4E2B-4F50-99F1-2C5B39C0474C}.Debug OpenCL|Any CPU.ActiveCfg = Debug|Win32
		{E2A1D564-4E2B-4F50-99F1-2C5B39C0474C}.Debug OpenCL|Mixed Platforms.ActiveCfg = Debug|Win32
		{E2A1D564-4E2B-4F50-99F1-2C5B39C0474C}.Debug OpenCL|Mixed Platforms.Build.0 = Debug|Win32
		{E2A1D564-4E2B-4F50-99F1-2C5B39C0474C}.Debug OpenCL|Win32.ActiveCfg = Debug|Win32
		{E2A1D564-4E2B-4F50-99F1-2C5B39C0474C}.Debug OpenCL|Win32.Build.0 = Debug|Win32
		{E2A1D564-4E2B-4F50-99F1-2C5B39C0474C}.Debug OpenCL|x64.ActiveCfg = Debug|Win32
		{E2A1D564-4E2B-4F50-99F1-2C5B39C0474C}.Debug|Any CPU.ActiveCfg = Debug|Win32
		{E2A1D564-4E2B-4F50-99F1-2C5B39C0474C}.Debug|Mixed Platforms.ActiveCfg = Debug|Win32
		{E2A1D564-4E2B-4F50-99F1-2C5B39C0474C}.Debug|Mixed Platforms.Build.0 = Debug|Win32
		{E2A1D564-4E2B-4F50-99F1-2C5B39C0474C}.Debug|Win32.ActiveCfg = Debug|Win32
		{E2A1D564-4E2B-4F50-99F1-2C5B39C0474C}.Debug|Win32.Build.0 = Debug|Win32
		{E2A1D564-4E2B-4F50-99F1-2C5B39C0474C}.Debug|x64.ActiveCfg = Debug|x64
		{E2A1D564-4E2B-4F50-99F1-2C5B39C0474C}.Debug|x64.Build.0 = Debug|x64
		{E2A1D564-4E2B-4F50-99F1-2C5B39C0474C}.Release OpenCL|Any CPU.ActiveCfg = Release|Win32
		{E2A1D564-4E2B-4F50-99F1-2C5B39C0474C}.Release OpenCL|Mixed Platforms.ActiveCfg = Release|Win32
		{E2A1D564-4E2B-4F50-99F1-2C5B39C0474C}.Release OpenCL|Mixed Platforms.Build.0 = Release|Win32
		{E2A1D564-4E2B-4F50-99F1-2C5B39C0474C}.Release OpenCL|Win32.ActiveCfg = Release|Win32
		{E2A1D564-4E2B-4F50-99F1-2C5B39C0474C}.Release OpenCL|Win32.Build.0 = Release|Win32
		{E2A1D564-4E2B-4F50-99F1-2C5B39C0474C}.Release OpenCL|x64.ActiveCfg = Release|Win32
		{E2A1D564-4E2B-4F50-99F1-2C5B39C0474C}.Release|Any CPU.ActiveCfg = Release|Win32
		{E2A1D564-4E2B-4F50-99F1-2C5B39C0474C}.Release|Mixed Platforms.ActiveCfg = Release|Win32
		{E2A1D564-4E2B-4F50-99F1-2C5B39C0474C}.Release|Mixed Platforms.Build.0 = Release|Win32
		{E2A1D564-4E2B-4F50-99F1-2C5B39C0474C}.Release|Win32.ActiveCfg = Release|Win32
		{E2A1D564-4E2B-4F50-99F1-2C5B39C0474C}.Release|Win32.Build.0 = Release|Win32
		{E2A1D564-4E2B-4F50-99F1-2C5B39C0474C}.Release|x64.ActiveCfg = Release|x64
		{E2A1D564-4E2B-4F50-99F1-2C5B39C0474C}.Release|x64.Build.0 = Release|x64
		{54FC4A95-2212-46DA-AD80-A61DE10DACF4}.Debug OpenCL|Any CPU.ActiveCfg = Debug|Win32
		{54FC4A95-2212-46DA-AD80-A61DE10DACF4}.Debug OpenCL|Mixed Platforms.ActiveCfg = Debug|Win32
		{54FC4A95-2212-46DA-AD80-A61DE10DACF4}.Debug OpenCL|Mixed Platforms.Build.0 = Debug|Win32
		{54FC4A95-2212-46DA-AD80-A61DE10DACF4}.Debug OpenCL|Win32.ActiveCfg = Debug|Win32
		{54FC4A95-2212-46DA-AD80-A61DE10DACF4}.Debug OpenCL|Win32.Build.0 = Debug|Win32
		{54FC4A95-2212-46DA-AD80-A61DE10DACF4}.Debug OpenCL|x64.ActiveCfg = Debug|Win32
		{54FC4A95-2212-46DA-AD80-A61DE10DACF4}.Debug|Any CPU.ActiveCfg = Debug|Win32
		{54FC4A95-2212-46DA-AD80-A61DE10DACF4}.Debug|Mixed Platforms.ActiveCfg = Debug|Win32
		{54FC4A95-2212-46DA-AD80-A61DE10DACF4}.Debug|Mixed Platforms.Build.0 = Debug|Win32
		{54FC4A95-2212-46DA-AD80-A61DE10DACF4}.Debug|Win32.ActiveCfg = Debug|Win32
		{54FC4A95-2212-46DA-AD80-A61DE10DACF4}.Debug|Win32.Build.0 = Debug|Win32
		{54FC4A95-2212-46DA-AD80-A61DE10DACF4}.Debug|x64.ActiveCfg = Debug|x64
		{54FC4A95-2212-46DA-AD80-A61DE10DACF4}.Debug|x64.Build.0 = Debug|x64
		{54FC4A95-2212-46DA-AD80-A61DE10DACF4}.Release OpenCL|Any CPU.ActiveCfg = Release|Win32
		{54FC4A95-2212-46DA-AD80-A61DE10DACF4}.Release OpenCL|Mixed Platforms.ActiveCfg = Release|Win32
		{54FC4A95-2212-46DA-AD80-A61DE10DACF4}.Release OpenCL|Mixed Platforms.Build.0 = Release|Win32
		{54FC4A95-2212-46DA-AD80-A61DE10DACF4}.Release OpenCL|Win32.ActiveCfg = Release|Win32
		{54FC4A95-2212-46DA-AD80-A61DE10DACF4}.Release OpenCL|Win32.Build.0 = Release|Win32
		{54FC4A95-2212-46DA-AD80-A61DE10DACF4}.Release OpenCL|x64.ActiveCfg = Release|Win32
		{54FC4A95-2212-46DA-AD80-A61DE10DACF4}.Release|Any CPU.ActiveCfg = Release|Win32
		{54FC4A95-2212-46DA-AD80-A61DE10DACF4}.Release|Mixed Platforms.ActiveCfg = Release|Win32
		{54FC4A95-2212-46DA-AD80-A61DE10DACF4}.Release|Mixed Platforms.Build.0 = Release|Win32
		{54FC4A95-2212-46DA-AD80-A61DE10DACF4}.Release|Win32.ActiveCfg = Release|Win32
		{54FC4A95-2212-46DA-AD80-A61DE10DACF4}.Release|Win32.Build.0 = Release|Win32
		{54FC4A95-2212-46DA-AD80-A61DE10DACF4}.Release|x64.ActiveCfg = Release|x64
		{54FC4A95-2212-46DA-AD80-A61DE10DACF4}.Release|x64.Build.0 = Release|x64
		{26620DFE-1522-4BF9-900C-1D38B398C884}.Debug OpenCL|Any CPU.ActiveCfg = Debug OpenCL|Win32
		{26620DFE-1522-4BF9-900C-1D38B398C884}.Debug OpenCL|Mixed Platforms.ActiveCfg = Debug OpenCL|Win32
		{26620DFE-1522-4BF9-900C-1D38B398C884}.Debug OpenCL|Mixed Platforms.Build.0 = Debug OpenCL|Win32
		{26620DFE-1522-4BF9-900C-1D38B398C884}.Debug OpenCL|Win32.ActiveCfg = Debug OpenCL|Win32
		{26620DFE-1522-4BF9-900C-1D38B398C884}.Debug OpenCL|Win32.Build.0 = Debug OpenCL|Win32
		{26620DFE-1522-4BF9-900C-1D38B398C884}.Debug OpenCL|x64.ActiveCfg = Debug OpenCL|x64
		{26620DFE-1522-4BF9-900C-1D38B398C884}.Debug OpenCL|x64.Build.0 = Debug OpenCL|x64
		{26620DFE-1522-4BF9-900C-1D38B398C884}.Debug|Any CPU.ActiveCfg = Debug|Win32
		{26620DFE-1522-4BF9-900C-1D38B398C884}.Debug|Mixed Platforms.ActiveCfg = Debug|Win32
		{26620DFE-1522-4BF9-900C-1D38B398C884}.Debug|Mixed Platforms.Build.0 = Debug|Win32
		{26620DFE-1522-4BF9-900C-1D38B398C884}.Debug|Win32.ActiveCfg = Debug|Win32
		{26620DFE-1522-4BF9-900C-1D38B398C884}.Debug|Win32.Build.0 = Debug|Win32
		{26620DFE-1522-4BF9-900C-1D38B398C884}.Debug|x64.ActiveCfg = Debug|x64
		{26620DFE-1522-4BF9-900C-1D38B398C884}.Debug|x64.Build.0 = Debug|x64
		{26620DFE-1522-4BF9-900C-1D38B398C884}.Release OpenCL|Any CPU.ActiveCfg = Release OpenCL|Win32
		{26620DFE-1522-4BF9-900C-1D38B398C884}.Release OpenCL|Mixed Platforms.ActiveCfg = Release OpenCL|Win32
		{26620DFE-1522-4BF9-900C-1D38B398C884}.Release OpenCL|Mixed Platforms.Build.0 = Release OpenCL|Win32
		{26620DFE-1522-4BF9-900C-1D38B398C884}.Release OpenCL|Win32.ActiveCfg = Release OpenCL|Win32
		{26620DFE-1522-4BF9-900C-1D38B398C884}.Release OpenCL|Win32.Build.0 = Release OpenCL|Win32
		{26620DFE-1522-4BF9-900C-1D38B398C884}.Release OpenCL|x64.ActiveCfg = Release OpenCL|x64
		{26620DFE-1522-4BF9-900C-1D38B398C884}.Release OpenCL|x64.Build.0 = Release OpenCL|x64
		{26620DFE-1522-4BF9-900C-1D38B398C884}.Release|Any CPU.ActiveCfg = Release|Win32
		{26620DFE-1522-4BF9-900C-1D38B398C884}.Release|Mixed Platforms.ActiveCfg = Release|Win32
		{26620DFE-1522-4BF9-900C-1D38B398C884}.Release|Mixed Platforms.Build.0 = Release|Win32
		{26620DFE-1522-4BF9-900C-1D38B398C884}.Release|Win32.ActiveCfg = Release|Win32
		{26620DFE-1522-4BF9-900C-1D38B398C884}.Release|Win32.Build.0 = Release|Win32
		{26620DFE-1522-4BF9-900C-1D38B398C884}.Release|x64.ActiveCfg = Release|x64
		{26620DFE-1522-4BF9-900C-1D38B398C884}.Release|x64.Build.0 = Release|x64
		{584ACCE1-E81D-455A-A4A7-D4146E81C18A}.Debug OpenCL|Any CPU.ActiveCfg = Debug OpenCL|Win32
		{584ACCE1-E81D-455A-A4A7-D4146E81C18A}.Debug OpenCL|Mixed Platforms.ActiveCfg = Debug OpenCL|Win32
		{584ACCE1-E81D-455A-A4A7-D4146E81C18A}.Debug OpenCL|Mixed Platforms.Build.0 = Debug OpenCL|Win32
		{584ACCE1-E81D-455A-A4A7-D4146E81C18A}.Debug OpenCL|Win32.ActiveCfg = Debug OpenCL|Win32
		{584ACCE1-E81D-455A-A4A7-D4146E81C18A}.Debug OpenCL|Win32.Build.0 = Debug OpenCL|Win32
		{584ACCE1-E81D-455A-A4A7-D4146E81C18A}.Debug OpenCL|x64.ActiveCfg = Debug OpenCL|x64
		{584ACCE1-E81D-455A-A4A7-D4146E81C18A}.Debug OpenCL|x64.Build.0 = Debug OpenCL|x64
		{584ACCE1-E81D-455A-A4A7-D4146E81C18A}.Debug|Any CPU.ActiveCfg = Debug|Win32
		{584ACCE1-E81D-455A-A4A7-D4146E81C18A}.Debug|Mixed Platforms.ActiveCfg = Debug|Win32
		{584ACCE1-E81D-455A-A4A7-D4146E81C18A}.Debug|Mixed Platforms.Build.0 = Debug|Win32
		{584ACCE1-E81D-455A-A4A7-D4146E81C18A}.Debug|Win32.ActiveCfg = Debug|Win32
		{584ACCE1-E81D-455A-A4A7-D4146E81C18A}.Debug|Win32.Build.0 = Debug|Win32
		{584ACCE1-E81D-455A-A4A7-D4146E81C18A}.Debug|x64.ActiveCfg = Debug|x64
		{584ACCE1-E81D-455A-A4A7-D4146E81C18A}.Debug|x64.Build.0 = Debug|x64
		{584ACCE1-E81D-455A-A4A7-D4146E81C18A}.Release OpenCL|Any CPU.ActiveCfg = Release OpenCL|Win32
		{584ACCE1-E81D-455A-A4A7-D4146E81C18A}.Release OpenCL|Mixed Platforms.ActiveCfg = Release OpenCL|Win32
		{584ACCE1-E81D-455A-A4A7-D4146E81C18A}.Release OpenCL|Mixed Platforms.Build.0 = Release OpenCL|Win32
		{584ACCE1-E81D-455A-A4A7-D4146E81C18A}.Release OpenCL|Win32.ActiveCfg = Release OpenCL|Win32
		{584ACCE1-E81D-455A-A4A7-D4146E81C18A}.Release OpenCL|Win32.Build.0 = Release OpenCL|Win32
		{584ACCE1-E81D-455A-A4A7-D4146E81C18A}.Release OpenCL|x64.ActiveCfg = Release OpenCL|x64
		{584ACCE1-E81D-455A-A4A7-D4146E81C18A}.Release OpenCL|x64.Build.0 = Release OpenCL|x64
		{584ACCE1-E81D-455A-A4A7-D4146E81C18A}.Release|Any CPU.ActiveCfg = Release|Win32
		{584ACCE1-E81D-455A-A4A7-D4146E81C18A}.Release|Mixed Platforms.ActiveCfg = Release|Win32
		{584ACCE1-E81D-455A-A4A7-D4146E81C18A}.Release|Mixed Platforms.Build.0 = Release|Win32
		{584ACCE1-E81D-455A-A4A7-D4146E81C18A}.Release|Win32.ActiveCfg = Release|Win32
		{584ACCE1-E81D-455A-A4A7-D4146E81C18A}.Release|Win32.Build.0 = Release|Win32
		{584ACCE1-E81D-455A-A4A7-D4146E81C18A}.Release|x64.ActiveCfg = Release|x64
		{584ACCE1-E81D-455A-A4A7-D4146E81C18A}.Release|x64.Build.0 = Release|x64
		{A6941DAE-D7A7-44ED-B072-333A9D2703B2}.Debug OpenCL|Any CPU.ActiveCfg = Debug OpenCL|Win32
		{A6941DAE-D7A7-44ED-B072-333A9D2703B2}.Debug OpenCL|Mixed Platforms.ActiveCfg = Debug OpenCL|Win32
		{A6941DAE-D7A7-44ED-B072-333A9D2703B2}.Debug OpenCL|Mixed Platforms.Build.0 = Debug OpenCL|Win32
		{A6941DAE-D7A7-44ED-B072-333A9D2703B2}.Debug OpenCL|Win32.ActiveCfg = Debug OpenCL|Win32
		{A6941DAE-D7A7-44ED-B072-333A9D2703B2}.Debug OpenCL|Win32.Build.0 = Debug OpenCL|Win32
		{A6941DAE-D7A7-44ED-B072-333A9D2703B2}.Debug OpenCL|x64.ActiveCfg = Debug OpenCL|x64
		{A6941DAE-D7A7-44ED-B072-333A9D2703B2}.Debug OpenCL|x64.Build.0 = Debug OpenCL|x64
		{A6941DAE-D7A7-44ED-B072-333A9D2703B2}.Debug|Any CPU.ActiveCfg = Debug|Win32
		{A6941DAE-D7A7-44ED-B072-333A9D2703B2}.Debug|Mixed Platforms.ActiveCfg = Debug|Win32
		{A6941DAE-D7A7-44ED-B072-333A9D2703B2}.Debug|Mixed Platforms.Build.0 = Debug|Win32
		{A6941DAE-D7A7-44ED-B072-333A9D2703B2}.Debug|Win32.ActiveCfg = Debug|Win32
		{A6941DAE-D7A7-44ED-B072-333A9D2703B2}.Debug|Win32.Build.0 = Debug|Win32
		{A6941DAE-D7A7-44ED-B072-333A9D2703B2}.Debug|x64.ActiveCfg = Debug|x64
		{A6941DAE-D7A7-44ED-B072-333A9D2703B2}.Debug|x64.Build.0 = Debug|x64
		{A6941DAE-D7A7-44ED-B072-333A9D2703B2}.Release OpenCL|Any CPU.ActiveCfg = Release OpenCL|Win32
		{A6941DAE-D7A7-44ED-B072-333A9D2703B2}.Release OpenCL|Mixed Platforms.ActiveCfg = Release OpenCL|Win32
		{A6941DAE-D7A7-44ED-B072-333A9D2703B2}.Release OpenCL|Mixed Platforms.Build.0 = Release OpenCL|Win32
		{A6941DAE-D7A7-44ED-B072-333A9D2703B2}.Release OpenCL|Win32.ActiveCfg = Release OpenCL|Win32
		{A6941DAE-D7A7-44ED-B072-333A9D2703B2}.Release OpenCL|Win32.Build.0 = Release OpenCL|Win32
		{A6941DAE-D7A7-44ED-B072-333A9D2703B2}.Release OpenCL|x64.ActiveCfg = Release OpenCL|x64
		{A6941DAE-D7A7-44ED-B072-333A9D2703B2}.Release OpenCL|x64.Build.0 = Release OpenCL|x64
		{A6941DAE-D7A7-44ED-B072-333A9D2703B2}.Release|Any CPU.ActiveCfg = Release|Win32
		{A6941DAE-D7A7-44ED-B072-333A9D2703B2}.Release|Mixed Platforms.ActiveCfg = Release|Win32
		{A6941DAE-D7A7-44ED-B072-333A9D2703B2}.Release|Mixed Platforms.Build.0 = Release|Win32
		{A6941DAE-D7A7-44ED-B072-333A9D2703B2}.Release|Win32.ActiveCfg = Release|Win32
		{A6941DAE-D7A7-44ED-B072-333A9D2703B2}.Release|Win32.Build.0 = Release|Win32
		{A6941DAE-D7A7-44ED-B072-333A9D2703B2}.Release|x64.ActiveCfg = Release|x64
		{A6941DAE-D7A7-44ED-B072-333A9D2703B2}.Release|x64.Build.0 = Release|x64
	EndGlobalSection
	GlobalSection(SolutionProperties) = preSolution
		HideSolutionNode = FALSE
	EndGlobalSection
EndGlobal
